
Microsoft Visual Studio Solution File, Format Version 12.00
# Visual Studio 15
VisualStudioVersion = 15.0.28010.2019
MinimumVisualStudioVersion = 10.0.40219.1
Project("{FAE04EC0-301F-11D3-BF4B-00C04F79EFBC}") = "Azure.Graph.Sample", "Azure.Graph.Sample\Azure.Graph.Sample.csproj", "{07DFFA20-A6A3-475E-8C4D-3A43F77B611E}"
EndProject
Global
	GlobalSection(SolutionConfigurationPlatforms) = preSolution
		Debug|Any CPU = Debug|Any CPU
		Release|Any CPU = Release|Any CPU
	EndGlobalSection
	GlobalSection(ProjectConfigurationPlatforms) = postSolution
		{07DFFA20-A6A3-475E-8C4D-3A43F77B611E}.Debug|Any CPU.ActiveCfg = Debug|Any CPU
		{07DFFA20-A6A3-475E-8C4D-3A43F77B611E}.Debug|Any CPU.Build.0 = Debug|Any CPU
		{07DFFA20-A6A3-475E-8C4D-3A43F77B611E}.Release|Any CPU.ActiveCfg = Release|Any CPU
		{07DFFA20-A6A3-475E-8C4D-3A43F77B611E}.Release|Any CPU.Build.0 = Release|Any CPU
	EndGlobalSection
	GlobalSection(SolutionProperties) = preSolution
		HideSolutionNode = FALSE
	EndGlobalSection
	GlobalSection(ExtensibilityGlobals) = postSolution
		SolutionGuid = {5BD22004-9ADE-4821-AD91-055A4D4EB2EB}
	EndGlobalSection
EndGlobal
